
Microsoft Visual Studio Solution File, Format Version 12.00
# Visual Studio Version 16
VisualStudioVersion = 16.0.30011.22
MinimumVisualStudioVersion = 10.0.40219.1
Project("{8BC9CEB8-8B4A-11D0-8D11-00A0C91BC942}") = "PoolAllocator", "PoolAllocator\PoolAllocator.vcxproj", "{2873FF58-23A9-4C3A-9CBD-22D31F213737}"
EndProject
Project("{8BC9CEB8-8B4A-11D0-8D11-00A0C91BC942}") = "unittest", "unittest\unittest.vcxproj", "{1E011893-0A05-4CA1-9367-7D415D83E636}"
EndProject
Global
	GlobalSection(SolutionConfigurationPlatforms) = preSolution
		Debug|x64 = Debug|x64
		Debug|x86 = Debug|x86
		Release|x64 = Release|x64
		Release|x86 = Release|x86
	EndGlobalSection
	GlobalSection(ProjectConfigurationPlatforms) = postSolution
		{2873FF58-23A9-4C3A-9CBD-22D31F213737}.Debug|x64.ActiveCfg = Debug|x64
		{2873FF58-23A9-4C3A-9CBD-22D31F213737}.Debug|x64.Build.0 = Debug|x64
		{2873FF58-23A9-4C3A-9CBD-22D31F213737}.Debug|x86.ActiveCfg = Debug|Win32
		{2873FF58-23A9-4C3A-9CBD-22D31F213737}.Debug|x86.Build.0 = Debug|Win32
		{2873FF58-23A9-4C3A-9CBD-22D31F213737}.Release|x64.ActiveCfg = Release|x64
		{2873FF58-23A9-4C3A-9CBD-22D31F213737}.Release|x64.Build.0 = Release|x64
		{2873FF58-23A9-4C3A-9CBD-22D31F213737}.Release|x86.ActiveCfg = Release|Win32
		{2873FF58-23A9-4C3A-9CBD-22D31F213737}.Release|x86.Build.0 = Release|Win32
		{1E011893-0A05-4CA1-9367-7D415D83E636}.Debug|x64.ActiveCfg = Debug|x64
		{1E011893-0A05-4CA1-9367-7D415D83E636}.Debug|x64.Build.0 = Debug|x64
		{1E011893-0A05-4CA1-9367-7D415D83E636}.Debug|x86.ActiveCfg = Debug|Win32
		{1E011893-0A05-4CA1-9367-7D415D83E636}.Debug|x86.Build.0 = Debug|Win32
		{1E011893-0A05-4CA1-9367-7D415D83E636}.Release|x64.ActiveCfg = Release|x64
		{1E011893-0A05-4CA1-9367-7D415D83E636}.Release|x64.Build.0 = Release|x64
		{1E011893-0A05-4CA1-9367-7D415D83E636}.Release|x86.ActiveCfg = Release|Win32
		{1E011893-0A05-4CA1-9367-7D415D83E636}.Release|x86.Build.0 = Release|Win32
	EndGlobalSection
	GlobalSection(SolutionProperties) = preSolution
		HideSolutionNode = FALSE
	EndGlobalSection
	GlobalSection(ExtensibilityGlobals) = postSolution
		SolutionGuid = {0099293B-F288-4FC5-B2E4-15120F27695D}
	EndGlobalSection
EndGlobal
